
Microsoft Visual Studio Solution File, Format Version 12.00
# Visual Studio 15
VisualStudioVersion = 15.0.27428.2037
MinimumVisualStudioVersion = 10.0.40219.1
Project("{FAE04EC0-301F-11D3-BF4B-00C04F79EFBC}") = "Progress-Bar-4", "Progress-Bar-4\Progress-Bar-4.csproj", "{3F0887A1-9A95-4623-A160-0AFC36D75007}"
EndProject
Global
	GlobalSection(SolutionConfigurationPlatforms) = preSolution
		Debug|Any CPU = Debug|Any CPU
		Release|Any CPU = Release|Any CPU
	EndGlobalSection
	GlobalSection(ProjectConfigurationPlatforms) = postSolution
		{3F0887A1-9A95-4623-A160-0AFC36D75007}.Debug|Any CPU.ActiveCfg = Debug|Any CPU
		{3F0887A1-9A95-4623-A160-0AFC36D75007}.Debug|Any CPU.Build.0 = Debug|Any CPU
		{3F0887A1-9A95-4623-A160-0AFC36D75007}.Release|Any CPU.ActiveCfg = Release|Any CPU
		{3F0887A1-9A95-4623-A160-0AFC36D75007}.Release|Any CPU.Build.0 = Release|Any CPU
	EndGlobalSection
	GlobalSection(SolutionProperties) = preSolution
		HideSolutionNode = FALSE
	EndGlobalSection
	GlobalSection(ExtensibilityGlobals) = postSolution
		SolutionGuid = {00C27238-1402-4B8F-9960-ABC5AD2819E0}
	EndGlobalSection
EndGlobal
