
Microsoft Visual Studio Solution File, Format Version 12.00
# Visual Studio 15
VisualStudioVersion = 15.0.27428.2037
MinimumVisualStudioVersion = 10.0.40219.1
Project("{FAE04EC0-301F-11D3-BF4B-00C04F79EFBC}") = "Progress-Bar-1", "Progress-Bar-1\Progress-Bar-1.csproj", "{43BA465B-5C8A-48E9-BD8A-FB9424202088}"
EndProject
Global
	GlobalSection(SolutionConfigurationPlatforms) = preSolution
		Debug|Any CPU = Debug|Any CPU
		Release|Any CPU = Release|Any CPU
	EndGlobalSection
	GlobalSection(ProjectConfigurationPlatforms) = postSolution
		{43BA465B-5C8A-48E9-BD8A-FB9424202088}.Debug|Any CPU.ActiveCfg = Debug|Any CPU
		{43BA465B-5C8A-48E9-BD8A-FB9424202088}.Debug|Any CPU.Build.0 = Debug|Any CPU
		{43BA465B-5C8A-48E9-BD8A-FB9424202088}.Release|Any CPU.ActiveCfg = Release|Any CPU
		{43BA465B-5C8A-48E9-BD8A-FB9424202088}.Release|Any CPU.Build.0 = Release|Any CPU
	EndGlobalSection
	GlobalSection(SolutionProperties) = preSolution
		HideSolutionNode = FALSE
	EndGlobalSection
	GlobalSection(ExtensibilityGlobals) = postSolution
		SolutionGuid = {FFA864A7-DF4B-49AA-8A36-FC19689729FB}
	EndGlobalSection
EndGlobal
